{
    "_readme": [
        "This file locks the dependencies of your project to a known state",
        "Read more about it at https://getcomposer.org/doc/01-basic-usage.md#composer-lock-the-lock-file",
        "This file is @generated automatically"
    ],
    "hash": "a0a74913d788b602d7b033d9725e0077",
    "content-hash": "9a20161d3b5d88f6aadb3ffcd6d0428f",
    "packages": [],
    "packages-dev": [
        {
            "name": "thefrozenfire/swagger",
            "version": "2.0.x-dev",
            "source": {
                "type": "git",
                "url": "https://github.com/TheFrozenFire/PHP-Swagger-Parser.git",
                "reference": "a7b5520e4b0f570e35eeac23f58a62b374a48aec"
            },
            "dist": {
                "type": "zip",
                "url": "https://api.github.com/repos/TheFrozenFire/PHP-Swagger-Parser/zipball/a7b5520e4b0f570e35eeac23f58a62b374a48aec",
                "reference": "a7b5520e4b0f570e35eeac23f58a62b374a48aec",
                "shasum": ""
            },
            "require-dev": {
                "phpunit/phpunit": "~3.7.22",
                "satooshi/php-coveralls": "~0.6"
            },
            "type": "library",
            "autoload": {
                "psr-0": {
                    "Swagger": "src/"
                },
                "classmap": [
                    "tests/"
                ]
            },
            "notification-url": "https://packagist.org/downloads/",
            "authors": [
                {
                    "name": "Justin Martin",
                    "email": "frozenfire@thefrozenfire.com"
                }
            ],
            "description": "Swagger parser for PHP",
            "time": "2015-09-17 22:17:56"
        },
        {
            "name": "thefrozenfire/swagger-client",
            "version": "dev-master",
            "source": {
                "type": "git",
                "url": "https://github.com/TheFrozenFire/PHP-Swagger-Client.git",
                "reference": "6b2e9030c6a64826aca129cde8bb8859725c687c"
            },
            "dist": {
                "type": "zip",
                "url": "https://api.github.com/repos/TheFrozenFire/PHP-Swagger-Client/zipball/6b2e9030c6a64826aca129cde8bb8859725c687c",
                "reference": "6b2e9030c6a64826aca129cde8bb8859725c687c",
                "shasum": ""
            },
            "require": {
                "thefrozenfire/swagger": "2.0.x-dev",
                "zendframework/zend-http": "^2.5"
            },
            "type": "library",
            "autoload": {
                "psr-0": {
                    "Swagger": "src/"
                }
            },
            "notification-url": "https://packagist.org/downloads/",
            "authors": [
                {
                    "name": "Justin Martin",
                    "email": "frozenfire@thefrozenfire.com"
                }
            ],
            "description": "Swagger client for PHP",
            "time": "2015-09-18 16:56:31"
        },
        {
            "name": "zendframework/zend-escaper",
            "version": "dev-develop",
            "source": {
                "type": "git",
                "url": "https://github.com/zendframework/zend-escaper.git",
                "reference": "4931575996994f7e1a6e7f59445dc9334400048d"
            },
            "dist": {
                "type": "zip",
                "url": "https://api.github.com/repos/zendframework/zend-escaper/zipball/4931575996994f7e1a6e7f59445dc9334400048d",
                "reference": "4931575996994f7e1a6e7f59445dc9334400048d",
                "shasum": ""
            },
            "require": {
                "php": ">=5.5"
            },
            "require-dev": {
                "fabpot/php-cs-fixer": "1.7.*",
                "phpunit/phpunit": "~4.0"
            },
            "type": "library",
            "extra": {
                "branch-alias": {
                    "dev-master": "2.5-dev",
                    "dev-develop": "2.6-dev"
                }
            },
            "autoload": {
                "psr-4": {
                    "Zend\\Escaper\\": "src/"
                }
            },
            "notification-url": "https://packagist.org/downloads/",
            "license": [
                "BSD-3-Clause"
            ],
            "homepage": "https://github.com/zendframework/zend-escaper",
            "keywords": [
                "escaper",
                "zf2"
            ],
            "time": "2015-06-05 09:18:01"
        },
        {
            "name": "zendframework/zend-http",
            "version": "dev-develop",
            "source": {
                "type": "git",
                "url": "https://github.com/zendframework/zend-http.git",
                "reference": "88d395197acc3b11ce3a30bd4173a0746f9e2005"
            },
            "dist": {
                "type": "zip",
                "url": "https://api.github.com/repos/zendframework/zend-http/zipball/88d395197acc3b11ce3a30bd4173a0746f9e2005",
                "reference": "88d395197acc3b11ce3a30bd4173a0746f9e2005",
                "shasum": ""
            },
            "require": {
                "php": ">=5.5",
                "zendframework/zend-loader": "~2.5",
                "zendframework/zend-stdlib": "~2.5",
                "zendframework/zend-uri": "~2.5",
                "zendframework/zend-validator": "~2.5"
            },
            "require-dev": {
                "fabpot/php-cs-fixer": "1.7.*",
                "phpunit/phpunit": "~4.0",
                "zendframework/zend-config": "~2.5"
            },
            "type": "library",
            "extra": {
                "branch-alias": {
                    "dev-master": "2.5-dev",
                    "dev-develop": "2.6-dev"
                }
            },
            "autoload": {
                "psr-4": {
                    "Zend\\Http\\": "src/"
                }
            },
            "notification-url": "https://packagist.org/downloads/",
            "license": [
                "BSD-3-Clause"
            ],
            "description": "provides an easy interface for performing Hyper-Text Transfer Protocol (HTTP) requests",
            "homepage": "https://github.com/zendframework/zend-http",
            "keywords": [
                "http",
                "zf2"
            ],
            "time": "2015-09-14 16:00:50"
        },
        {
            "name": "zendframework/zend-loader",
            "version": "dev-develop",
            "source": {
                "type": "git",
                "url": "https://github.com/zendframework/zend-loader.git",
                "reference": "b247db701f618b981a531477a2efe2532949e652"
            },
            "dist": {
                "type": "zip",
                "url": "https://api.github.com/repos/zendframework/zend-loader/zipball/b247db701f618b981a531477a2efe2532949e652",
                "reference": "b247db701f618b981a531477a2efe2532949e652",
                "shasum": ""
            },
            "require": {
                "php": ">=5.5"
            },
            "require-dev": {
                "fabpot/php-cs-fixer": "1.7.*",
                "phpunit/phpunit": "~4.0"
            },
            "type": "library",
            "extra": {
                "branch-alias": {
                    "dev-master": "2.5-dev",
                    "dev-develop": "2.6-dev"
                }
            },
            "autoload": {
                "psr-4": {
                    "Zend\\Loader\\": "src/"
                }
            },
            "notification-url": "https://packagist.org/downloads/",
            "license": [
                "BSD-3-Clause"
            ],
            "homepage": "https://github.com/zendframework/zend-loader",
            "keywords": [
                "loader",
                "zf2"
            ],
            "time": "2015-06-05 09:18:08"
        },
        {
            "name": "zendframework/zend-stdlib",
            "version": "dev-develop",
            "source": {
                "type": "git",
                "url": "https://github.com/zendframework/zend-stdlib.git",
                "reference": "2e4f5dbc8ab050ab4acc6da9e6bca18204e91a62"
            },
            "dist": {
                "type": "zip",
                "url": "https://api.github.com/repos/zendframework/zend-stdlib/zipball/2e4f5dbc8ab050ab4acc6da9e6bca18204e91a62",
                "reference": "2e4f5dbc8ab050ab4acc6da9e6bca18204e91a62",
                "shasum": ""
            },
            "require": {
                "php": ">=5.5"
            },
            "require-dev": {
                "athletic/athletic": "~0.1",
                "fabpot/php-cs-fixer": "1.7.*",
                "phpunit/phpunit": "~4.0",
                "zendframework/zend-config": "~2.5",
                "zendframework/zend-eventmanager": "~2.5",
                "zendframework/zend-filter": "~2.5",
                "zendframework/zend-inputfilter": "~2.5",
                "zendframework/zend-serializer": "~2.5",
                "zendframework/zend-servicemanager": "~2.5"
            },
            "suggest": {
                "zendframework/zend-eventmanager": "To support aggregate hydrator usage",
                "zendframework/zend-filter": "To support naming strategy hydrator usage",
                "zendframework/zend-serializer": "Zend\\Serializer component",
                "zendframework/zend-servicemanager": "To support hydrator plugin manager usage"
            },
            "type": "library",
            "extra": {
                "branch-alias": {
                    "dev-master": "2.6-dev",
                    "dev-develop": "2.7-dev"
                }
            },
            "autoload": {
                "psr-4": {
                    "Zend\\Stdlib\\": "src/"
                }
            },
            "notification-url": "https://packagist.org/downloads/",
            "license": [
                "BSD-3-Clause"
            ],
            "homepage": "https://github.com/zendframework/zend-stdlib",
            "keywords": [
                "stdlib",
                "zf2"
            ],
            "time": "2015-09-17 14:41:47"
        },
        {
            "name": "zendframework/zend-uri",
            "version": "dev-develop",
            "source": {
                "type": "git",
                "url": "https://github.com/zendframework/zend-uri.git",
                "reference": "1c36ee4b734640791fd3c08cc921ee891a7d35a0"
            },
            "dist": {
                "type": "zip",
                "url": "https://api.github.com/repos/zendframework/zend-uri/zipball/1c36ee4b734640791fd3c08cc921ee891a7d35a0",
                "reference": "1c36ee4b734640791fd3c08cc921ee891a7d35a0",
                "shasum": ""
            },
            "require": {
                "php": ">=5.5",
                "zendframework/zend-escaper": "~2.5",
                "zendframework/zend-validator": "~2.5"
            },
            "require-dev": {
                "fabpot/php-cs-fixer": "1.7.*",
                "phpunit/phpunit": "~4.0"
            },
            "type": "library",
            "extra": {
                "branch-alias": {
                    "dev-master": "2.5-dev",
                    "dev-develop": "2.6-dev"
                }
            },
            "autoload": {
                "psr-4": {
                    "Zend\\Uri\\": "src/"
                }
            },
            "notification-url": "https://packagist.org/downloads/",
            "license": [
                "BSD-3-Clause"
            ],
            "description": "a component that aids in manipulating and validating » Uniform Resource Identifiers (URIs)",
            "homepage": "https://github.com/zendframework/zend-uri",
            "keywords": [
                "uri",
                "zf2"
            ],
            "time": "2015-06-05 09:18:14"
        },
        {
            "name": "zendframework/zend-validator",
            "version": "dev-develop",
            "source": {
                "type": "git",
                "url": "https://github.com/zendframework/zend-validator.git",
                "reference": "724f69f845f27e0436af7343a5bd5c9e7748bcaa"
            },
            "dist": {
                "type": "zip",
                "url": "https://api.github.com/repos/zendframework/zend-validator/zipball/724f69f845f27e0436af7343a5bd5c9e7748bcaa",
                "reference": "724f69f845f27e0436af7343a5bd5c9e7748bcaa",
                "shasum": ""
            },
            "require": {
                "php": ">=5.5",
                "zendframework/zend-stdlib": "~2.5"
            },
            "require-dev": {
                "fabpot/php-cs-fixer": "1.7.*",
                "phpunit/phpunit": "~4.0",
                "zendframework/zend-cache": "~2.5",
                "zendframework/zend-config": "~2.5",
                "zendframework/zend-db": "~2.5",
                "zendframework/zend-filter": "~2.5",
                "zendframework/zend-http": "~2.5",
                "zendframework/zend-i18n": "~2.5",
                "zendframework/zend-math": "~2.5",
                "zendframework/zend-servicemanager": "~2.5",
                "zendframework/zend-session": "~2.5",
                "zendframework/zend-uri": "~2.5"
            },
            "suggest": {
                "zendframework/zend-db": "Zend\\Db component",
                "zendframework/zend-filter": "Zend\\Filter component, required by the Digits validator",
                "zendframework/zend-i18n": "Zend\\I18n component to allow translation of validation error messages as well as to use the various Date validators",
                "zendframework/zend-i18n-resources": "Translations of validator messages",
                "zendframework/zend-math": "Zend\\Math component",
                "zendframework/zend-servicemanager": "Zend\\ServiceManager component to allow using the ValidatorPluginManager and validator chains",
                "zendframework/zend-session": "Zend\\Session component",
                "zendframework/zend-uri": "Zend\\Uri component, required by the Uri and Sitemap\\Loc validators"
            },
            "type": "library",
            "extra": {
                "branch-alias": {
                    "dev-master": "2.5-dev",
                    "dev-develop": "2.6-dev"
                }
            },
            "autoload": {
                "psr-4": {
                    "Zend\\Validator\\": "src/"
                }
            },
            "notification-url": "https://packagist.org/downloads/",
            "license": [
                "BSD-3-Clause"
            ],
            "description": "provides a set of commonly needed validators",
            "homepage": "https://github.com/zendframework/zend-validator",
            "keywords": [
                "validator",
                "zf2"
            ],
            "time": "2015-09-03 19:14:39"
        }
    ],
    "aliases": [],
    "minimum-stability": "dev",
    "stability-flags": {
        "thefrozenfire/swagger-client": 20
    },
    "prefer-stable": false,
    "prefer-lowest": false,
    "platform": [],
    "platform-dev": []
}
